# This file is automatically @generated by Cargo.
# It is not intended for manual editing.
version = 4

[[package]]
name = "chimera_core"
version = "0.1.0"

[[package]]
name = "chimera_nav"
version = "0.1.0"
dependencies = [
 "chimera_core",
]

[[package]]
name = "chimera_perft"
version = "0.1.0"
dependencies = [
 "chimera_core",
 "chimera_nav",
]
